
Microsoft Visual Studio Solution File, Format Version 12.00
# Visual Studio Version 18
VisualStudioVersion = 18.3.11312.210 d18.3
MinimumVisualStudioVersion = 10.0.40219.1
Project("{FAE04EC0-301F-11D3-BF4B-00C04F79EFBC}") = "RetroRewindWebsite", "RetroRewindWebsite\RetroRewindWebsite.csproj", "{94621469-BCEC-4859-88A6-5773AB37E839}"
EndProject
Project("{2150E333-8FDC-42A3-9474-1A3956D46DE8}") = "Solution Items", "Solution Items", "{425B1E1E-507D-46AC-A3E5-D8BA4C97E8E4}"
	ProjectSection(SolutionItems) = preProject
		.editorconfig = .editorconfig
	EndProjectSection
EndProject
Global
	GlobalSection(SolutionConfigurationPlatforms) = preSolution
		Debug|Any CPU = Debug|Any CPU
		Release|Any CPU = Release|Any CPU
	EndGlobalSection
	GlobalSection(ProjectConfigurationPlatforms) = postSolution
		{94621469-BCEC-4859-88A6-5773AB37E839}.Debug|Any CPU.ActiveCfg = Debug|Any CPU
		{94621469-BCEC-4859-88A6-5773AB37E839}.Debug|Any CPU.Build.0 = Debug|Any CPU
		{94621469-BCEC-4859-88A6-5773AB37E839}.Release|Any CPU.ActiveCfg = Release|Any CPU
		{94621469-BCEC-4859-88A6-5773AB37E839}.Release|Any CPU.Build.0 = Release|Any CPU
	EndGlobalSection
	GlobalSection(SolutionProperties) = preSolution
		HideSolutionNode = FALSE
	EndGlobalSection
	GlobalSection(ExtensibilityGlobals) = postSolution
		SolutionGuid = {281C4209-F1DF-482D-8CC4-2063FC1CE31F}
	EndGlobalSection
EndGlobal
